// !$*UTF8*$!
{
	archiveVersion = 1;
	classes = {
	};
	objectVersion = 56;
	objects = {

/* Begin PBXBuildFile section */
		86D50079293E03F60044BE59 /* AppDelegate.swift in Sources */ = {isa = PBXBuildFile; fileRef = 86D50078293E03F60044BE59 /* AppDelegate.swift */; };
		86D5007B293E03F60044BE59 /* SceneDelegate.swift in Sources */ = {isa = PBXBuildFile; fileRef = 86D5007A293E03F60044BE59 /* SceneDelegate.swift */; };
		86D5007D293E03F60044BE59 /* ViewController.swift in Sources */ = {isa = PBXBuildFile; fileRef = 86D5007C293E03F60044BE59 /* ViewController.swift */; };
		86D50080293E03F60044BE59 /* Main.storyboard in Resources */ = {isa = PBXBuildFile; fileRef = 86D5007E293E03F60044BE59 /* Main.storyboard */; };
		86D50082293E03F70044BE59 /* Assets.xcassets in Resources */ = {isa = PBXBuildFile; fileRef = 86D50081293E03F70044BE59 /* Assets.xcassets */; };
		86D50085293E03F70044BE59 /* LaunchScreen.storyboard in Resources */ = {isa = PBXBuildFile; fileRef = 86D50083293E03F70044BE59 /* LaunchScreen.storyboard */; };
		86D50090293E03F80044BE59 /* CoreLocationFrameworkTests.swift in Sources */ = {isa = PBXBuildFile; fileRef = 86D5008F293E03F80044BE59 /* CoreLocationFrameworkTests.swift */; };
		86D5009A293E03F80044BE59 /* CoreLocationFrameworkUITests.swift in Sources */ = {isa = PBXBuildFile; fileRef = 86D50099293E03F80044BE59 /* CoreLocationFrameworkUITests.swift */; };
		86D5009C293E03F80044BE59 /* CoreLocationFrameworkUITestsLaunchTests.swift in Sources */ = {isa = PBXBuildFile; fileRef = 86D5009B293E03F80044BE59 /* CoreLocationFrameworkUITestsLaunchTests.swift */; };
		86D500AB293E041B0044BE59 /* CoreLocation.framework in Frameworks */ = {isa = PBXBuildFile; fileRef = 86D500AA293E041B0044BE59 /* CoreLocation.framework */; };
/* End PBXBuildFile section */

/* Begin PBXContainerItemProxy section */
		86D5008C293E03F80044BE59 /* PBXContainerItemProxy */ = {
			isa = PBXContainerItemProxy;
			containerPortal = 86D5006D293E03F60044BE59 /* Project object */;
			proxyType = 1;
			remoteGlobalIDString = 86D50074293E03F60044BE59;
			remoteInfo = CoreLocationFramework;
		};
		86D50096293E03F80044BE59 /* PBXContainerItemProxy */ = {
			isa = PBXContainerItemProxy;
			containerPortal = 86D5006D293E03F60044BE59 /* Project object */;
			proxyType = 1;
			remoteGlobalIDString = 86D50074293E03F60044BE59;
			remoteInfo = CoreLocationFramework;
		};
/* End PBXContainerItemProxy section */

/* Begin PBXFileReference section */
		86D50075293E03F60044BE59 /* CoreLocationFramework.app */ = {isa = PBXFileReference; explicitFileType = wrapper.application; includeInIndex = 0; path = CoreLocationFramework.app; sourceTree = BUILT_PRODUCTS_DIR; };
		86D50078293E03F60044BE59 /* AppDelegate.swift */ = {isa = PBXFileReference; lastKnownFileType = sourcecode.swift; path = AppDelegate.swift; sourceTree = "<group>"; };
		86D5007A293E03F60044BE59 /* SceneDelegate.swift */ = {isa = PBXFileReference; lastKnownFileType = sourcecode.swift; path = SceneDelegate.swift; sourceTree = "<group>"; };
		86D5007C293E03F60044BE59 /* ViewController.swift */ = {isa = PBXFileReference; lastKnownFileType = sourcecode.swift; path = ViewController.swift; sourceTree = "<group>"; };
		86D5007F293E03F60044BE59 /* Base */ = {isa = PBXFileReference; lastKnownFileType = file.storyboard; name = Base; path = Base.lproj/Main.storyboard; sourceTree = "<group>"; };
		86D50081293E03F70044BE59 /* Assets.xcassets */ = {isa = PBXFileReference; lastKnownFileType = folder.assetcatalog; path = Assets.xcassets; sourceTree = "<group>"; };
		86D50084293E03F70044BE59 /* Base */ = {isa = PBXFileReference; lastKnownFileType = file.storyboard; name = Base; path = Base.lproj/LaunchScreen.storyboard; sourceTree = "<group>"; };
		86D50086293E03F70044BE59 /* Info.plist */ = {isa = PBXFileReference; lastKnownFileType = text.plist.xml; path = Info.plist; sourceTree = "<group>"; };
		86D5008B293E03F80044BE59 /* CoreLocationFrameworkTests.xctest */ = {isa = PBXFileReference; explicitFileType = wrapper.cfbundle; includeInIndex = 0; path = CoreLocationFrameworkTests.xctest; sourceTree = BUILT_PRODUCTS_DIR; };
		86D5008F293E03F80044BE59 /* CoreLocationFrameworkTests.swift */ = {isa = PBXFileReference; lastKnownFileType = sourcecode.swift; path = CoreLocationFrameworkTests.swift; sourceTree = "<group>"; };
		86D50095293E03F80044BE59 /* CoreLocationFrameworkUITests.xctest */ = {isa = PBXFileReference; explicitFileType = wrapper.cfbundle; includeInIndex = 0; path = CoreLocationFrameworkUITests.xctest; sourceTree = BUILT_PRODUCTS_DIR; };
		86D50099293E03F80044BE59 /* CoreLocationFrameworkUITests.swift */ = {isa = PBXFileReference; lastKnownFileType = sourcecode.swift; path = CoreLocationFrameworkUITests.swift; sourceTree = "<group>"; };
		86D5009B293E03F80044BE59 /* CoreLocationFrameworkUITestsLaunchTests.swift */ = {isa = PBXFileReference; lastKnownFileType = sourcecode.swift; path = CoreLocationFrameworkUITestsLaunchTests.swift; sourceTree = "<group>"; };
		86D500AA293E041B0044BE59 /* CoreLocation.framework */ = {isa = PBXFileReference; lastKnownFileType = wrapper.framework; name = CoreLocation.framework; path = System/Library/Frameworks/CoreLocation.framework; sourceTree = SDKROOT; };
/* End PBXFileReference section */

/* Begin PBXFrameworksBuildPhase section */
		86D50072293E03F60044BE59 /* Frameworks */ = {
			isa = PBXFrameworksBuildPhase;
			buildActionMask = 2147483647;
			files = (
				86D500AB293E041B0044BE59 /* CoreLocation.framework in Frameworks */,
			);
			runOnlyForDeploymentPostprocessing = 0;
		};
		86D50088293E03F80044BE59 /* Frameworks */ = {
			isa = PBXFrameworksBuildPhase;
			buildActionMask = 2147483647;
			files = (
			);
			runOnlyForDeploymentPostprocessing = 0;
		};
		86D50092293E03F80044BE59 /* Frameworks */ = {
			isa = PBXFrameworksBuildPhase;
			buildActionMask = 2147483647;
			files = (
			);
			runOnlyForDeploymentPostprocessing = 0;
		};
/* End PBXFrameworksBuildPhase section */

/* Begin PBXGroup section */
		86D5006C293E03F60044BE59 = {
			isa = PBXGroup;
			children = (
				86D50077293E03F60044BE59 /* CoreLocationFramework */,
				86D5008E293E03F80044BE59 /* CoreLocationFrameworkTests */,
				86D50098293E03F80044BE59 /* CoreLocationFrameworkUITests */,
				86D50076293E03F60044BE59 /* Products */,
				86D500A9293E041B0044BE59 /* Frameworks */,
			);
			sourceTree = "<group>";
		};
		86D50076293E03F60044BE59 /* Products */ = {
			isa = PBXGroup;
			children = (
				86D50075293E03F60044BE59 /* CoreLocationFramework.app */,
				86D5008B293E03F80044BE59 /* CoreLocationFrameworkTests.xctest */,
				86D50095293E03F80044BE59 /* CoreLocationFrameworkUITests.xctest */,
			);
			name = Products;
			sourceTree = "<group>";
		};
		86D50077293E03F60044BE59 /* CoreLocationFramework */ = {
			isa = PBXGroup;
			children = (
				86D50078293E03F60044BE59 /* AppDelegate.swift */,
				86D5007A293E03F60044BE59 /* SceneDelegate.swift */,
				86D5007C293E03F60044BE59 /* ViewController.swift */,
				86D5007E293E03F60044BE59 /* Main.storyboard */,
				86D50081293E03F70044BE59 /* Assets.xcassets */,
				86D50083293E03F70044BE59 /* LaunchScreen.storyboard */,
				86D50086293E03F70044BE59 /* Info.plist */,
			);
			path = CoreLocationFramework;
			sourceTree = "<group>";
		};
		86D5008E293E03F80044BE59 /* CoreLocationFrameworkTests */ = {
			isa = PBXGroup;
			children = (
				86D5008F293E03F80044BE59 /* CoreLocationFrameworkTests.swift */,
			);
			path = CoreLocationFrameworkTests;
			sourceTree = "<group>";
		};
		86D50098293E03F80044BE59 /* CoreLocationFrameworkUITests */ = {
			isa = PBXGroup;
			children = (
				86D50099293E03F80044BE59 /* CoreLocationFrameworkUITests.swift */,
				86D5009B293E03F80044BE59 /* CoreLocationFrameworkUITestsLaunchTests.swift */,
			);
			path = CoreLocationFrameworkUITests;
			sourceTree = "<group>";
		};
		86D500A9293E041B0044BE59 /* Frameworks */ = {
			isa = PBXGroup;
			children = (
				86D500AA293E041B0044BE59 /* CoreLocation.framework */,
			);
			name = Frameworks;
			sourceTree = "<group>";
		};
/* End PBXGroup section */

/* Begin PBXNativeTarget section */
		86D50074293E03F60044BE59 /* CoreLocationFramework */ = {
			isa = PBXNativeTarget;
			buildConfigurationList = 86D5009F293E03F80044BE59 /* Build configuration list for PBXNativeTarget "CoreLocationFramework" */;
			buildPhases = (
				86D50071293E03F60044BE59 /* Sources */,
				86D50072293E03F60044BE59 /* Frameworks */,
				86D50073293E03F60044BE59 /* Resources */,
			);
			buildRules = (
			);
			dependencies = (
			);
			name = CoreLocationFramework;
			productName = CoreLocationFramework;
			productReference = 86D50075293E03F60044BE59 /* CoreLocationFramework.app */;
			productType = "com.apple.product-type.application";
		};
		86D5008A293E03F80044BE59 /* CoreLocationFrameworkTests */ = {
			isa = PBXNativeTarget;
			buildConfigurationList = 86D500A2293E03F80044BE59 /* Build configuration list for PBXNativeTarget "CoreLocationFrameworkTests" */;
			buildPhases = (
				86D50087293E03F80044BE59 /* Sources */,
				86D50088293E03F80044BE59 /* Frameworks */,
				86D50089293E03F80044BE59 /* Resources */,
			);
			buildRules = (
			);
			dependencies = (
				86D5008D293E03F80044BE59 /* PBXTargetDependency */,
			);
			name = CoreLocationFrameworkTests;
			productName = CoreLocationFrameworkTests;
			productReference = 86D5008B293E03F80044BE59 /* CoreLocationFrameworkTests.xctest */;
			productType = "com.apple.product-type.bundle.unit-test";
		};
		86D50094293E03F80044BE59 /* CoreLocationFrameworkUITests */ = {
			isa = PBXNativeTarget;
			buildConfigurationList = 86D500A5293E03F80044BE59 /* Build configuration list for PBXNativeTarget "CoreLocationFrameworkUITests" */;
			buildPhases = (
				86D50091293E03F80044BE59 /* Sources */,
				86D50092293E03F80044BE59 /* Frameworks */,
				86D50093293E03F80044BE59 /* Resources */,
			);
			buildRules = (
			);
			dependencies = (
				86D50097293E03F80044BE59 /* PBXTargetDependency */,
			);
			name = CoreLocationFrameworkUITests;
			productName = CoreLocationFrameworkUITests;
			productReference = 86D50095293E03F80044BE59 /* CoreLocationFrameworkUITests.xctest */;
			productType = "com.apple.product-type.bundle.ui-testing";
		};
/* End PBXNativeTarget section */

/* Begin PBXProject section */
		86D5006D293E03F60044BE59 /* Project object */ = {
			isa = PBXProject;
			attributes = {
				BuildIndependentTargetsInParallel = 1;
				LastSwiftUpdateCheck = 1400;
				LastUpgradeCheck = 1400;
				TargetAttributes = {
					86D50074293E03F60044BE59 = {
						CreatedOnToolsVersion = 14.0.1;
					};
					86D5008A293E03F80044BE59 = {
						CreatedOnToolsVersion = 14.0.1;
						TestTargetID = 86D50074293E03F60044BE59;
					};
					86D50094293E03F80044BE59 = {
						CreatedOnToolsVersion = 14.0.1;
						TestTargetID = 86D50074293E03F60044BE59;
					};
				};
			};
			buildConfigurationList = 86D50070293E03F60044BE59 /* Build configuration list for PBXProject "CoreLocationFramework" */;
			compatibilityVersion = "Xcode 14.0";
			developmentRegion = en;
			hasScannedForEncodings = 0;
			knownRegions = (
				en,
				Base,
			);
			mainGroup = 86D5006C293E03F60044BE59;
			productRefGroup = 86D50076293E03F60044BE59 /* Products */;
			projectDirPath = "";
			projectRoot = "";
			targets = (
				86D50074293E03F60044BE59 /* CoreLocationFramework */,
				86D5008A293E03F80044BE59 /* CoreLocationFrameworkTests */,
				86D50094293E03F80044BE59 /* CoreLocationFrameworkUITests */,
			);
		};
/* End PBXProject section */

/* Begin PBXResourcesBuildPhase section */
		86D50073293E03F60044BE59 /* Resources */ = {
			isa = PBXResourcesBuildPhase;
			buildActionMask = 2147483647;
			files = (
				86D50085293E03F70044BE59 /* LaunchScreen.storyboard in Resources */,
				86D50082293E03F70044BE59 /* Assets.xcassets in Resources */,
				86D50080293E03F60044BE59 /* Main.storyboard in Resources */,
			);
			runOnlyForDeploymentPostprocessing = 0;
		};
		86D50089293E03F80044BE59 /* Resources */ = {
			isa = PBXResourcesBuildPhase;
			buildActionMask = 2147483647;
			files = (
			);
			runOnlyForDeploymentPostprocessing = 0;
		};
		86D50093293E03F80044BE59 /* Resources */ = {
			isa = PBXResourcesBuildPhase;
			buildActionMask = 2147483647;
			files = (
			);
			runOnlyForDeploymentPostprocessing = 0;
		};
/* End PBXResourcesBuildPhase section */

/* Begin PBXSourcesBuildPhase section */
		86D50071293E03F60044BE59 /* Sources */ = {
			isa = PBXSourcesBuildPhase;
			buildActionMask = 2147483647;
			files = (
				86D5007D293E03F60044BE59 /* ViewController.swift in Sources */,
				86D50079293E03F60044BE59 /* AppDelegate.swift in Sources */,
				86D5007B293E03F60044BE59 /* SceneDelegate.swift in Sources */,
			);
			runOnlyForDeploymentPostprocessing = 0;
		};
		86D50087293E03F80044BE59 /* Sources */ = {
			isa = PBXSourcesBuildPhase;
			buildActionMask = 2147483647;
			files = (
				86D50090293E03F80044BE59 /* CoreLocationFrameworkTests.swift in Sources */,
			);
			runOnlyForDeploymentPostprocessing = 0;
		};
		86D50091293E03F80044BE59 /* Sources */ = {
			isa = PBXSourcesBuildPhase;
			buildActionMask = 2147483647;
			files = (
				86D5009A293E03F80044BE59 /* CoreLocationFrameworkUITests.swift in Sources */,
				86D5009C293E03F80044BE59 /* CoreLocationFrameworkUITestsLaunchTests.swift in Sources */,
			);
			runOnlyForDeploymentPostprocessing = 0;
		};
/* End PBXSourcesBuildPhase section */

/* Begin PBXTargetDependency section */
		86D5008D293E03F80044BE59 /* PBXTargetDependency */ = {
			isa = PBXTargetDependency;
			target = 86D50074293E03F60044BE59 /* CoreLocationFramework */;
			targetProxy = 86D5008C293E03F80044BE59 /* PBXContainerItemProxy */;
		};
		86D50097293E03F80044BE59 /* PBXTargetDependency */ = {
			isa = PBXTargetDependency;
			target = 86D50074293E03F60044BE59 /* CoreLocationFramework */;
			targetProxy = 86D50096293E03F80044BE59 /* PBXContainerItemProxy */;
		};
/* End PBXTargetDependency section */

/* Begin PBXVariantGroup section */
		86D5007E293E03F60044BE59 /* Main.storyboard */ = {
			isa = PBXVariantGroup;
			children = (
				86D5007F293E03F60044BE59 /* Base */,
			);
			name = Main.storyboard;
			sourceTree = "<group>";
		};
		86D50083293E03F70044BE59 /* LaunchScreen.storyboard */ = {
			isa = PBXVariantGroup;
			children = (
				86D50084293E03F70044BE59 /* Base */,
			);
			name = LaunchScreen.storyboard;
			sourceTree = "<group>";
		};
/* End PBXVariantGroup section */

/* Begin XCBuildConfiguration section */
		86D5009D293E03F80044BE59 /* Debug */ = {
			isa = XCBuildConfiguration;
			buildSettings = {
				ALWAYS_SEARCH_USER_PATHS = NO;
				CLANG_ANALYZER_NONNULL = YES;
				CLANG_ANALYZER_NUMBER_OBJECT_CONVERSION = YES_AGGRESSIVE;
				CLANG_CXX_LANGUAGE_STANDARD = "gnu++20";
				CLANG_ENABLE_MODULES = YES;
				CLANG_ENABLE_OBJC_ARC = YES;
				CLANG_ENABLE_OBJC_WEAK = YES;
				CLANG_WARN_BLOCK_CAPTURE_AUTORELEASING = YES;
				CLANG_WARN_BOOL_CONVERSION = YES;
				CLANG_WARN_COMMA = YES;
				CLANG_WARN_CONSTANT_CONVERSION = YES;
				CLANG_WARN_DEPRECATED_OBJC_IMPLEMENTATIONS = YES;
				CLANG_WARN_DIRECT_OBJC_ISA_USAGE = YES_ERROR;
				CLANG_WARN_DOCUMENTATION_COMMENTS = YES;
				CLANG_WARN_EMPTY_BODY = YES;
				CLANG_WARN_ENUM_CONVERSION = YES;
				CLANG_WARN_INFINITE_RECURSION = YES;
				CLANG_WARN_INT_CONVERSION = YES;
				CLANG_WARN_NON_LITERAL_NULL_CONVERSION = YES;
				CLANG_WARN_OBJC_IMPLICIT_RETAIN_SELF = YES;
				CLANG_WARN_OBJC_LITERAL_CONVERSION = YES;
				CLANG_WARN_OBJC_ROOT_CLASS = YES_ERROR;
				CLANG_WARN_QUOTED_INCLUDE_IN_FRAMEWORK_HEADER = YES;
				CLANG_WARN_RANGE_LOOP_ANALYSIS = YES;
				CLANG_WARN_STRICT_PROTOTYPES = YES;
				CLANG_WARN_SUSPICIOUS_MOVE = YES;
				CLANG_WARN_UNGUARDED_AVAILABILITY = YES_AGGRESSIVE;
				CLANG_WARN_UNREACHABLE_CODE = YES;
				CLANG_WARN__DUPLICATE_METHOD_MATCH = YES;
				COPY_PHASE_STRIP = NO;
				DEBUG_INFORMATION_FORMAT = dwarf;
				ENABLE_STRICT_OBJC_MSGSEND = YES;
				ENABLE_TESTABILITY = YES;
				GCC_C_LANGUAGE_STANDARD = gnu11;
				GCC_DYNAMIC_NO_PIC = NO;
				GCC_NO_COMMON_BLOCKS = YES;
				GCC_OPTIMIZATION_LEVEL = 0;
				GCC_PREPROCESSOR_DEFINITIONS = (
					"DEBUG=1",
					"$(inherited)",
				);
				GCC_WARN_64_TO_32_BIT_CONVERSION = YES;
				GCC_WARN_ABOUT_RETURN_TYPE = YES_ERROR;
				GCC_WARN_UNDECLARED_SELECTOR = YES;
				GCC_WARN_UNINITIALIZED_AUTOS = YES_AGGRESSIVE;
				GCC_WARN_UNUSED_FUNCTION = YES;
				GCC_WARN_UNUSED_VARIABLE = YES;
				IPHONEOS_DEPLOYMENT_TARGET = 16.0;
				MTL_ENABLE_DEBUG_INFO = INCLUDE_SOURCE;
				MTL_FAST_MATH = YES;
				ONLY_ACTIVE_ARCH = YES;
				SDKROOT = iphoneos;
				SWIFT_ACTIVE_COMPILATION_CONDITIONS = DEBUG;
				SWIFT_OPTIMIZATION_LEVEL = "-Onone";
			};
			name = Debug;
		};
		86D5009E293E03F80044BE59 /* Release */ = {
			isa = XCBuildConfiguration;
			buildSettings = {
				ALWAYS_SEARCH_USER_PATHS = NO;
				CLANG_ANALYZER_NONNULL = YES;
				CLANG_ANALYZER_NUMBER_OBJECT_CONVERSION = YES_AGGRESSIVE;
				CLANG_CXX_LANGUAGE_STANDARD = "gnu++20";
				CLANG_ENABLE_MODULES = YES;
				CLANG_ENABLE_OBJC_ARC = YES;
				CLANG_ENABLE_OBJC_WEAK = YES;
				CLANG_WARN_BLOCK_CAPTURE_AUTORELEASING = YES;
				CLANG_WARN_BOOL_CONVERSION = YES;
				CLANG_WARN_COMMA = YES;
				CLANG_WARN_CONSTANT_CONVERSION = YES;
				CLANG_WARN_DEPRECATED_OBJC_IMPLEMENTATIONS = YES;
				CLANG_WARN_DIRECT_OBJC_ISA_USAGE = YES_ERROR;
				CLANG_WARN_DOCUMENTATION_COMMENTS = YES;
				CLANG_WARN_EMPTY_BODY = YES;
				CLANG_WARN_ENUM_CONVERSION = YES;
				CLANG_WARN_INFINITE_RECURSION = YES;
				CLANG_WARN_INT_CONVERSION = YES;
				CLANG_WARN_NON_LITERAL_NULL_CONVERSION = YES;
				CLANG_WARN_OBJC_IMPLICIT_RETAIN_SELF = YES;
				CLANG_WARN_OBJC_LITERAL_CONVERSION = YES;
				CLANG_WARN_OBJC_ROOT_CLASS = YES_ERROR;
				CLANG_WARN_QUOTED_INCLUDE_IN_FRAMEWORK_HEADER = YES;
				CLANG_WARN_RANGE_LOOP_ANALYSIS = YES;
				CLANG_WARN_STRICT_PROTOTYPES = YES;
				CLANG_WARN_SUSPICIOUS_MOVE = YES;
				CLANG_WARN_UNGUARDED_AVAILABILITY = YES_AGGRESSIVE;
				CLANG_WARN_UNREACHABLE_CODE = YES;
				CLANG_WARN__DUPLICATE_METHOD_MATCH = YES;
				COPY_PHASE_STRIP = NO;
				DEBUG_INFORMATION_FORMAT = "dwarf-with-dsym";
				ENABLE_NS_ASSERTIONS = NO;
				ENABLE_STRICT_OBJC_MSGSEND = YES;
				GCC_C_LANGUAGE_STANDARD = gnu11;
				GCC_NO_COMMON_BLOCKS = YES;
				GCC_WARN_64_TO_32_BIT_CONVERSION = YES;
				GCC_WARN_ABOUT_RETURN_TYPE = YES_ERROR;
				GCC_WARN_UNDECLARED_SELECTOR = YES;
				GCC_WARN_UNINITIALIZED_AUTOS = YES_AGGRESSIVE;
				GCC_WARN_UNUSED_FUNCTION = YES;
				GCC_WARN_UNUSED_VARIABLE = YES;
				IPHONEOS_DEPLOYMENT_TARGET = 16.0;
				MTL_ENABLE_DEBUG_INFO = NO;
				MTL_FAST_MATH = YES;
				SDKROOT = iphoneos;
				SWIFT_COMPILATION_MODE = wholemodule;
				SWIFT_OPTIMIZATION_LEVEL = "-O";
				VALIDATE_PRODUCT = YES;
			};
			name = Release;
		};
		86D500A0293E03F80044BE59 /* Debug */ = {
			isa = XCBuildConfiguration;
			buildSettings = {
				ASSETCATALOG_COMPILER_APPICON_NAME = AppIcon;
				ASSETCATALOG_COMPILER_GLOBAL_ACCENT_COLOR_NAME = AccentColor;
				CODE_SIGN_STYLE = Automatic;
				CURRENT_PROJECT_VERSION = 1;
				DEVELOPMENT_TEAM = DW4R8GHFA2;
				GENERATE_INFOPLIST_FILE = YES;
				INFOPLIST_FILE = CoreLocationFramework/Info.plist;
				INFOPLIST_KEY_UIApplicationSupportsIndirectInputEvents = YES;
				INFOPLIST_KEY_UILaunchStoryboardName = LaunchScreen;
				INFOPLIST_KEY_UIMainStoryboardFile = Main;
				INFOPLIST_KEY_UISupportedInterfaceOrientations_iPad = "UIInterfaceOrientationPortrait UIInterfaceOrientationPortraitUpsideDown UIInterfaceOrientationLandscapeLeft UIInterfaceOrientationLandscapeRight";
				INFOPLIST_KEY_UISupportedInterfaceOrientations_iPhone = "UIInterfaceOrientationPortrait UIInterfaceOrientationLandscapeLeft UIInterfaceOrientationLandscapeRight";
				LD_RUNPATH_SEARCH_PATHS = (
					"$(inherited)",
					"@executable_path/Frameworks",
				);
				MARKETING_VERSION = 1.0;
				PRODUCT_BUNDLE_IDENTIFIER = ilker.CoreLocationFramework;
				PRODUCT_NAME = "$(TARGET_NAME)";
				SWIFT_EMIT_LOC_STRINGS = YES;
				SWIFT_VERSION = 5.0;
				TARGETED_DEVICE_FAMILY = "1,2";
			};
			name = Debug;
		};
		86D500A1293E03F80044BE59 /* Release */ = {
			isa = XCBuildConfiguration;
			buildSettings = {
				ASSETCATALOG_COMPILER_APPICON_NAME = AppIcon;
				ASSETCATALOG_COMPILER_GLOBAL_ACCENT_COLOR_NAME = AccentColor;
				CODE_SIGN_STYLE = Automatic;
				CURRENT_PROJECT_VERSION = 1;
				DEVELOPMENT_TEAM = DW4R8GHFA2;
				GENERATE_INFOPLIST_FILE = YES;
				INFOPLIST_FILE = CoreLocationFramework/Info.plist;
				INFOPLIST_KEY_UIApplicationSupportsIndirectInputEvents = YES;
				INFOPLIST_KEY_UILaunchStoryboardName = LaunchScreen;
				INFOPLIST_KEY_UIMainStoryboardFile = Main;
				INFOPLIST_KEY_UISupportedInterfaceOrientations_iPad = "UIInterfaceOrientationPortrait UIInterfaceOrientationPortraitUpsideDown UIInterfaceOrientationLandscapeLeft UIInterfaceOrientationLandscapeRight";
				INFOPLIST_KEY_UISupportedInterfaceOrientations_iPhone = "UIInterfaceOrientationPortrait UIInterfaceOrientationLandscapeLeft UIInterfaceOrientationLandscapeRight";
				LD_RUNPATH_SEARCH_PATHS = (
					"$(inherited)",
					"@executable_path/Frameworks",
				);
				MARKETING_VERSION = 1.0;
				PRODUCT_BUNDLE_IDENTIFIER = ilker.CoreLocationFramework;
				PRODUCT_NAME = "$(TARGET_NAME)";
				SWIFT_EMIT_LOC_STRINGS = YES;
				SWIFT_VERSION = 5.0;
				TARGETED_DEVICE_FAMILY = "1,2";
			};
			name = Release;
		};
		86D500A3293E03F80044BE59 /* Debug */ = {
			isa = XCBuildConfiguration;
			buildSettings = {
				ALWAYS_EMBED_SWIFT_STANDARD_LIBRARIES = YES;
				BUNDLE_LOADER = "$(TEST_HOST)";
				CODE_SIGN_STYLE = Automatic;
				CURRENT_PROJECT_VERSION = 1;
				DEVELOPMENT_TEAM = DW4R8GHFA2;
				GENERATE_INFOPLIST_FILE = YES;
				IPHONEOS_DEPLOYMENT_TARGET = 16.0;
				MARKETING_VERSION = 1.0;
				PRODUCT_BUNDLE_IDENTIFIER = ilker.CoreLocationFrameworkTests;
				PRODUCT_NAME = "$(TARGET_NAME)";
				SWIFT_EMIT_LOC_STRINGS = NO;
				SWIFT_VERSION = 5.0;
				TARGETED_DEVICE_FAMILY = "1,2";
				TEST_HOST = "$(BUILT_PRODUCTS_DIR)/CoreLocationFramework.app/$(BUNDLE_EXECUTABLE_FOLDER_PATH)/CoreLocationFramework";
			};
			name = Debug;
		};
		86D500A4293E03F80044BE59 /* Release */ = {
			isa = XCBuildConfiguration;
			buildSettings = {
				ALWAYS_EMBED_SWIFT_STANDARD_LIBRARIES = YES;
				BUNDLE_LOADER = "$(TEST_HOST)";
				CODE_SIGN_STYLE = Automatic;
				CURRENT_PROJECT_VERSION = 1;
				DEVELOPMENT_TEAM = DW4R8GHFA2;
				GENERATE_INFOPLIST_FILE = YES;
				IPHONEOS_DEPLOYMENT_TARGET = 16.0;
				MARKETING_VERSION = 1.0;
				PRODUCT_BUNDLE_IDENTIFIER = ilker.CoreLocationFrameworkTests;
				PRODUCT_NAME = "$(TARGET_NAME)";
				SWIFT_EMIT_LOC_STRINGS = NO;
				SWIFT_VERSION = 5.0;
				TARGETED_DEVICE_FAMILY = "1,2";
				TEST_HOST = "$(BUILT_PRODUCTS_DIR)/CoreLocationFramework.app/$(BUNDLE_EXECUTABLE_FOLDER_PATH)/CoreLocationFramework";
			};
			name = Release;
		};
		86D500A6293E03F80044BE59 /* Debug */ = {
			isa = XCBuildConfiguration;
			buildSettings = {
				ALWAYS_EMBED_SWIFT_STANDARD_LIBRARIES = YES;
				CODE_SIGN_STYLE = Automatic;
				CURRENT_PROJECT_VERSION = 1;
				DEVELOPMENT_TEAM = DW4R8GHFA2;
				GENERATE_INFOPLIST_FILE = YES;
				MARKETING_VERSION = 1.0;
				PRODUCT_BUNDLE_IDENTIFIER = ilker.CoreLocationFrameworkUITests;
				PRODUCT_NAME = "$(TARGET_NAME)";
				SWIFT_EMIT_LOC_STRINGS = NO;
				SWIFT_VERSION = 5.0;
				TARGETED_DEVICE_FAMILY = "1,2";
				TEST_TARGET_NAME = CoreLocationFramework;
			};
			name = Debug;
		};
		86D500A7293E03F80044BE59 /* Release */ = {
			isa = XCBuildConfiguration;
			buildSettings = {
				ALWAYS_EMBED_SWIFT_STANDARD_LIBRARIES = YES;
				CODE_SIGN_STYLE = Automatic;
				CURRENT_PROJECT_VERSION = 1;
				DEVELOPMENT_TEAM = DW4R8GHFA2;
				GENERATE_INFOPLIST_FILE = YES;
				MARKETING_VERSION = 1.0;
				PRODUCT_BUNDLE_IDENTIFIER = ilker.CoreLocationFrameworkUITests;
				PRODUCT_NAME = "$(TARGET_NAME)";
				SWIFT_EMIT_LOC_STRINGS = NO;
				SWIFT_VERSION = 5.0;
				TARGETED_DEVICE_FAMILY = "1,2";
				TEST_TARGET_NAME = CoreLocationFramework;
			};
			name = Release;
		};
/* End XCBuildConfiguration section */

/* Begin XCConfigurationList section */
		86D50070293E03F60044BE59 /* Build configuration list for PBXProject "CoreLocationFramework" */ = {
			isa = XCConfigurationList;
			buildConfigurations = (
				86D5009D293E03F80044BE59 /* Debug */,
				86D5009E293E03F80044BE59 /* Release */,
			);
			defaultConfigurationIsVisible = 0;
			defaultConfigurationName = Release;
		};
		86D5009F293E03F80044BE59 /* Build configuration list for PBXNativeTarget "CoreLocationFramework" */ = {
			isa = XCConfigurationList;
			buildConfigurations = (
				86D500A0293E03F80044BE59 /* Debug */,
				86D500A1293E03F80044BE59 /* Release */,
			);
			defaultConfigurationIsVisible = 0;
			defaultConfigurationName = Release;
		};
		86D500A2293E03F80044BE59 /* Build configuration list for PBXNativeTarget "CoreLocationFrameworkTests" */ = {
			isa = XCConfigurationList;
			buildConfigurations = (
				86D500A3293E03F80044BE59 /* Debug */,
				86D500A4293E03F80044BE59 /* Release */,
			);
			defaultConfigurationIsVisible = 0;
			defaultConfigurationName = Release;
		};
		86D500A5293E03F80044BE59 /* Build configuration list for PBXNativeTarget "CoreLocationFrameworkUITests" */ = {
			isa = XCConfigurationList;
			buildConfigurations = (
				86D500A6293E03F80044BE59 /* Debug */,
				86D500A7293E03F80044BE59 /* Release */,
			);
			defaultConfigurationIsVisible = 0;
			defaultConfigurationName = Release;
		};
/* End XCConfigurationList section */
	};
	rootObject = 86D5006D293E03F60044BE59 /* Project object */;
}
